
Microsoft Visual Studio Solution File, Format Version 12.00
# Visual Studio Version 17
VisualStudioVersion = 17.11.35222.181
MinimumVisualStudioVersion = 10.0.40219.1
Project("{FAE04EC0-301F-11D3-BF4B-00C04F79EFBC}") = "WebApplication2022_Net8_miniAPI_ToDoList", "WebApplication2022_Net8_miniAPI_ToDoList.csproj", "{ED734C43-9E09-4F99-9843-7207ACFBDCEB}"
EndProject
Global
	GlobalSection(SolutionConfigurationPlatforms) = preSolution
		Debug|Any CPU = Debug|Any CPU
		Release|Any CPU = Release|Any CPU
	EndGlobalSection
	GlobalSection(ProjectConfigurationPlatforms) = postSolution
		{ED734C43-9E09-4F99-9843-7207ACFBDCEB}.Debug|Any CPU.ActiveCfg = Debug|Any CPU
		{ED734C43-9E09-4F99-9843-7207ACFBDCEB}.Debug|Any CPU.Build.0 = Debug|Any CPU
		{ED734C43-9E09-4F99-9843-7207ACFBDCEB}.Release|Any CPU.ActiveCfg = Release|Any CPU
		{ED734C43-9E09-4F99-9843-7207ACFBDCEB}.Release|Any CPU.Build.0 = Release|Any CPU
	EndGlobalSection
	GlobalSection(SolutionProperties) = preSolution
		HideSolutionNode = FALSE
	EndGlobalSection
	GlobalSection(ExtensibilityGlobals) = postSolution
		SolutionGuid = {383FBFBB-89F2-48EE-8536-AD9292FEBF5C}
	EndGlobalSection
EndGlobal
